// !$*UTF8*$!
{
	archiveVersion = 1;
	classes = {
	};
	objectVersion = 50;
	objects = {

/* Begin PBXBuildFile section */
		0ED3BEFB2514E8A400545120 /* WorldTravelerApp.swift in Sources */ = {isa = PBXBuildFile; fileRef = 0ED3BEFA2514E8A400545120 /* WorldTravelerApp.swift */; };
		0ED3BEFD2514E8A400545120 /* ContentView.swift in Sources */ = {isa = PBXBuildFile; fileRef = 0ED3BEFC2514E8A400545120 /* ContentView.swift */; };
		0ED3BEFF2514E8AE00545120 /* Assets.xcassets in Resources */ = {isa = PBXBuildFile; fileRef = 0ED3BEFE2514E8AE00545120 /* Assets.xcassets */; };
		0ED3BF022514E8AE00545120 /* Preview Assets.xcassets in Resources */ = {isa = PBXBuildFile; fileRef = 0ED3BF012514E8AE00545120 /* Preview Assets.xcassets */; };
		0ED3BF0D2514E8AF00545120 /* WorldTravelerTests.swift in Sources */ = {isa = PBXBuildFile; fileRef = 0ED3BF0C2514E8AF00545120 /* WorldTravelerTests.swift */; };
		0ED3BF182514E8AF00545120 /* WorldTravelerUITests.swift in Sources */ = {isa = PBXBuildFile; fileRef = 0ED3BF172514E8AF00545120 /* WorldTravelerUITests.swift */; };
		0ED3BF292514F4C100545120 /* MapView.swift in Sources */ = {isa = PBXBuildFile; fileRef = 0ED3BF282514F4C100545120 /* MapView.swift */; };
		0ED3BF382515D81A00545120 /* Localizable.strings in Resources */ = {isa = PBXBuildFile; fileRef = 0ED3BF3A2515D81A00545120 /* Localizable.strings */; };
		0ED3BF4E2515E25A00545120 /* InfoPlist.strings in Resources */ = {isa = PBXBuildFile; fileRef = 0ED3BF502515E25A00545120 /* InfoPlist.strings */; };
/* End PBXBuildFile section */

/* Begin PBXContainerItemProxy section */
		0ED3BF092514E8AF00545120 /* PBXContainerItemProxy */ = {
			isa = PBXContainerItemProxy;
			containerPortal = 0ED3BEEF2514E8A400545120 /* Project object */;
			proxyType = 1;
			remoteGlobalIDString = 0ED3BEF62514E8A400545120;
			remoteInfo = WorldTraveler;
		};
		0ED3BF142514E8AF00545120 /* PBXContainerItemProxy */ = {
			isa = PBXContainerItemProxy;
			containerPortal = 0ED3BEEF2514E8A400545120 /* Project object */;
			proxyType = 1;
			remoteGlobalIDString = 0ED3BEF62514E8A400545120;
			remoteInfo = WorldTraveler;
		};
/* End PBXContainerItemProxy section */

/* Begin PBXFileReference section */
		0ED3BEF72514E8A400545120 /* WorldTraveler.app */ = {isa = PBXFileReference; explicitFileType = wrapper.application; includeInIndex = 0; path = WorldTraveler.app; sourceTree = BUILT_PRODUCTS_DIR; };
		0ED3BEFA2514E8A400545120 /* WorldTravelerApp.swift */ = {isa = PBXFileReference; lastKnownFileType = sourcecode.swift; path = WorldTravelerApp.swift; sourceTree = "<group>"; };
		0ED3BEFC2514E8A400545120 /* ContentView.swift */ = {isa = PBXFileReference; lastKnownFileType = sourcecode.swift; path = ContentView.swift; sourceTree = "<group>"; };
		0ED3BEFE2514E8AE00545120 /* Assets.xcassets */ = {isa = PBXFileReference; lastKnownFileType = folder.assetcatalog; path = Assets.xcassets; sourceTree = "<group>"; };
		0ED3BF012514E8AE00545120 /* Preview Assets.xcassets */ = {isa = PBXFileReference; lastKnownFileType = folder.assetcatalog; path = "Preview Assets.xcassets"; sourceTree = "<group>"; };
		0ED3BF032514E8AE00545120 /* Info.plist */ = {isa = PBXFileReference; lastKnownFileType = text.plist.xml; path = Info.plist; sourceTree = "<group>"; };
		0ED3BF082514E8AF00545120 /* WorldTravelerTests.xctest */ = {isa = PBXFileReference; explicitFileType = wrapper.cfbundle; includeInIndex = 0; path = WorldTravelerTests.xctest; sourceTree = BUILT_PRODUCTS_DIR; };
		0ED3BF0C2514E8AF00545120 /* WorldTravelerTests.swift */ = {isa = PBXFileReference; lastKnownFileType = sourcecode.swift; path = WorldTravelerTests.swift; sourceTree = "<group>"; };
		0ED3BF0E2514E8AF00545120 /* Info.plist */ = {isa = PBXFileReference; lastKnownFileType = text.plist.xml; path = Info.plist; sourceTree = "<group>"; };
		0ED3BF132514E8AF00545120 /* WorldTravelerUITests.xctest */ = {isa = PBXFileReference; explicitFileType = wrapper.cfbundle; includeInIndex = 0; path = WorldTravelerUITests.xctest; sourceTree = BUILT_PRODUCTS_DIR; };
		0ED3BF172514E8AF00545120 /* WorldTravelerUITests.swift */ = {isa = PBXFileReference; lastKnownFileType = sourcecode.swift; path = WorldTravelerUITests.swift; sourceTree = "<group>"; };
		0ED3BF192514E8AF00545120 /* Info.plist */ = {isa = PBXFileReference; lastKnownFileType = text.plist.xml; path = Info.plist; sourceTree = "<group>"; };
		0ED3BF282514F4C100545120 /* MapView.swift */ = {isa = PBXFileReference; lastKnownFileType = sourcecode.swift; path = MapView.swift; sourceTree = "<group>"; };
		0ED3BF392515D81A00545120 /* en */ = {isa = PBXFileReference; lastKnownFileType = text.plist.strings; name = en; path = en.lproj/Localizable.strings; sourceTree = "<group>"; };
		0ED3BF4F2515E25A00545120 /* en */ = {isa = PBXFileReference; lastKnownFileType = text.plist.strings; name = en; path = en.lproj/InfoPlist.strings; sourceTree = "<group>"; };
		0ED3BF512515E25B00545120 /* tr */ = {isa = PBXFileReference; lastKnownFileType = text.plist.strings; name = tr; path = tr.lproj/InfoPlist.strings; sourceTree = "<group>"; };
		0ED3BF522515E26400545120 /* tr */ = {isa = PBXFileReference; lastKnownFileType = text.plist.strings; name = tr; path = tr.lproj/Localizable.strings; sourceTree = "<group>"; };
/* End PBXFileReference section */

/* Begin PBXFrameworksBuildPhase section */
		0ED3BEF42514E8A400545120 /* Frameworks */ = {
			isa = PBXFrameworksBuildPhase;
			buildActionMask = 2147483647;
			files = (
			);
			runOnlyForDeploymentPostprocessing = 0;
		};
		0ED3BF052514E8AF00545120 /* Frameworks */ = {
			isa = PBXFrameworksBuildPhase;
			buildActionMask = 2147483647;
			files = (
			);
			runOnlyForDeploymentPostprocessing = 0;
		};
		0ED3BF102514E8AF00545120 /* Frameworks */ = {
			isa = PBXFrameworksBuildPhase;
			buildActionMask = 2147483647;
			files = (
			);
			runOnlyForDeploymentPostprocessing = 0;
		};
/* End PBXFrameworksBuildPhase section */

/* Begin PBXGroup section */
		0ED3BEEE2514E8A400545120 = {
			isa = PBXGroup;
			children = (
				0ED3BEF92514E8A400545120 /* WorldTraveler */,
				0ED3BF0B2514E8AF00545120 /* WorldTravelerTests */,
				0ED3BF162514E8AF00545120 /* WorldTravelerUITests */,
				0ED3BEF82514E8A400545120 /* Products */,
			);
			sourceTree = "<group>";
		};
		0ED3BEF82514E8A400545120 /* Products */ = {
			isa = PBXGroup;
			children = (
				0ED3BEF72514E8A400545120 /* WorldTraveler.app */,
				0ED3BF082514E8AF00545120 /* WorldTravelerTests.xctest */,
				0ED3BF132514E8AF00545120 /* WorldTravelerUITests.xctest */,
			);
			name = Products;
			sourceTree = "<group>";
		};
		0ED3BEF92514E8A400545120 /* WorldTraveler */ = {
			isa = PBXGroup;
			children = (
				0ED3BF3A2515D81A00545120 /* Localizable.strings */,
				0ED3BEFA2514E8A400545120 /* WorldTravelerApp.swift */,
				0ED3BEFC2514E8A400545120 /* ContentView.swift */,
				0ED3BF282514F4C100545120 /* MapView.swift */,
				0ED3BEFE2514E8AE00545120 /* Assets.xcassets */,
				0ED3BF032514E8AE00545120 /* Info.plist */,
				0ED3BF502515E25A00545120 /* InfoPlist.strings */,
				0ED3BF002514E8AE00545120 /* Preview Content */,
			);
			path = WorldTraveler;
			sourceTree = "<group>";
		};
		0ED3BF002514E8AE00545120 /* Preview Content */ = {
			isa = PBXGroup;
			children = (
				0ED3BF012514E8AE00545120 /* Preview Assets.xcassets */,
			);
			path = "Preview Content";
			sourceTree = "<group>";
		};
		0ED3BF0B2514E8AF00545120 /* WorldTravelerTests */ = {
			isa = PBXGroup;
			children = (
				0ED3BF0C2514E8AF00545120 /* WorldTravelerTests.swift */,
				0ED3BF0E2514E8AF00545120 /* Info.plist */,
			);
			path = WorldTravelerTests;
			sourceTree = "<group>";
		};
		0ED3BF162514E8AF00545120 /* WorldTravelerUITests */ = {
			isa = PBXGroup;
			children = (
				0ED3BF172514E8AF00545120 /* WorldTravelerUITests.swift */,
				0ED3BF192514E8AF00545120 /* Info.plist */,
			);
			path = WorldTravelerUITests;
			sourceTree = "<group>";
		};
/* End PBXGroup section */

/* Begin PBXNativeTarget section */
		0ED3BEF62514E8A400545120 /* WorldTraveler */ = {
			isa = PBXNativeTarget;
			buildConfigurationList = 0ED3BF1C2514E8AF00545120 /* Build configuration list for PBXNativeTarget "WorldTraveler" */;
			buildPhases = (
				0ED3BEF32514E8A400545120 /* Sources */,
				0ED3BEF42514E8A400545120 /* Frameworks */,
				0ED3BEF52514E8A400545120 /* Resources */,
			);
			buildRules = (
			);
			dependencies = (
			);
			name = WorldTraveler;
			productName = WorldTraveler;
			productReference = 0ED3BEF72514E8A400545120 /* WorldTraveler.app */;
			productType = "com.apple.product-type.application";
		};
		0ED3BF072514E8AF00545120 /* WorldTravelerTests */ = {
			isa = PBXNativeTarget;
			buildConfigurationList = 0ED3BF1F2514E8AF00545120 /* Build configuration list for PBXNativeTarget "WorldTravelerTests" */;
			buildPhases = (
				0ED3BF042514E8AF00545120 /* Sources */,
				0ED3BF052514E8AF00545120 /* Frameworks */,
				0ED3BF062514E8AF00545120 /* Resources */,
			);
			buildRules = (
			);
			dependencies = (
				0ED3BF0A2514E8AF00545120 /* PBXTargetDependency */,
			);
			name = WorldTravelerTests;
			productName = WorldTravelerTests;
			productReference = 0ED3BF082514E8AF00545120 /* WorldTravelerTests.xctest */;
			productType = "com.apple.product-type.bundle.unit-test";
		};
		0ED3BF122514E8AF00545120 /* WorldTravelerUITests */ = {
			isa = PBXNativeTarget;
			buildConfigurationList = 0ED3BF222514E8AF00545120 /* Build configuration list for PBXNativeTarget "WorldTravelerUITests" */;
			buildPhases = (
				0ED3BF0F2514E8AF00545120 /* Sources */,
				0ED3BF102514E8AF00545120 /* Frameworks */,
				0ED3BF112514E8AF00545120 /* Resources */,
			);
			buildRules = (
			);
			dependencies = (
				0ED3BF152514E8AF00545120 /* PBXTargetDependency */,
			);
			name = WorldTravelerUITests;
			productName = WorldTravelerUITests;
			productReference = 0ED3BF132514E8AF00545120 /* WorldTravelerUITests.xctest */;
			productType = "com.apple.product-type.bundle.ui-testing";
		};
/* End PBXNativeTarget section */

/* Begin PBXProject section */
		0ED3BEEF2514E8A400545120 /* Project object */ = {
			isa = PBXProject;
			attributes = {
				LastSwiftUpdateCheck = 1200;
				LastUpgradeCheck = 1200;
				TargetAttributes = {
					0ED3BEF62514E8A400545120 = {
						CreatedOnToolsVersion = 12.0;
					};
					0ED3BF072514E8AF00545120 = {
						CreatedOnToolsVersion = 12.0;
						TestTargetID = 0ED3BEF62514E8A400545120;
					};
					0ED3BF122514E8AF00545120 = {
						CreatedOnToolsVersion = 12.0;
						TestTargetID = 0ED3BEF62514E8A400545120;
					};
				};
			};
			buildConfigurationList = 0ED3BEF22514E8A400545120 /* Build configuration list for PBXProject "WorldTraveler" */;
			compatibilityVersion = "Xcode 9.3";
			developmentRegion = en;
			hasScannedForEncodings = 0;
			knownRegions = (
				en,
				Base,
				tr,
			);
			mainGroup = 0ED3BEEE2514E8A400545120;
			productRefGroup = 0ED3BEF82514E8A400545120 /* Products */;
			projectDirPath = "";
			projectRoot = "";
			targets = (
				0ED3BEF62514E8A400545120 /* WorldTraveler */,
				0ED3BF072514E8AF00545120 /* WorldTravelerTests */,
				0ED3BF122514E8AF00545120 /* WorldTravelerUITests */,
			);
		};
/* End PBXProject section */

/* Begin PBXResourcesBuildPhase section */
		0ED3BEF52514E8A400545120 /* Resources */ = {
			isa = PBXResourcesBuildPhase;
			buildActionMask = 2147483647;
			files = (
				0ED3BF022514E8AE00545120 /* Preview Assets.xcassets in Resources */,
				0ED3BF382515D81A00545120 /* Localizable.strings in Resources */,
				0ED3BEFF2514E8AE00545120 /* Assets.xcassets in Resources */,
				0ED3BF4E2515E25A00545120 /* InfoPlist.strings in Resources */,
			);
			runOnlyForDeploymentPostprocessing = 0;
		};
		0ED3BF062514E8AF00545120 /* Resources */ = {
			isa = PBXResourcesBuildPhase;
			buildActionMask = 2147483647;
			files = (
			);
			runOnlyForDeploymentPostprocessing = 0;
		};
		0ED3BF112514E8AF00545120 /* Resources */ = {
			isa = PBXResourcesBuildPhase;
			buildActionMask = 2147483647;
			files = (
			);
			runOnlyForDeploymentPostprocessing = 0;
		};
/* End PBXResourcesBuildPhase section */

/* Begin PBXSourcesBuildPhase section */
		0ED3BEF32514E8A400545120 /* Sources */ = {
			isa = PBXSourcesBuildPhase;
			buildActionMask = 2147483647;
			files = (
				0ED3BEFD2514E8A400545120 /* ContentView.swift in Sources */,
				0ED3BF292514F4C100545120 /* MapView.swift in Sources */,
				0ED3BEFB2514E8A400545120 /* WorldTravelerApp.swift in Sources */,
			);
			runOnlyForDeploymentPostprocessing = 0;
		};
		0ED3BF042514E8AF00545120 /* Sources */ = {
			isa = PBXSourcesBuildPhase;
			buildActionMask = 2147483647;
			files = (
				0ED3BF0D2514E8AF00545120 /* WorldTravelerTests.swift in Sources */,
			);
			runOnlyForDeploymentPostprocessing = 0;
		};
		0ED3BF0F2514E8AF00545120 /* Sources */ = {
			isa = PBXSourcesBuildPhase;
			buildActionMask = 2147483647;
			files = (
				0ED3BF182514E8AF00545120 /* WorldTravelerUITests.swift in Sources */,
			);
			runOnlyForDeploymentPostprocessing = 0;
		};
/* End PBXSourcesBuildPhase section */

/* Begin PBXTargetDependency section */
		0ED3BF0A2514E8AF00545120 /* PBXTargetDependency */ = {
			isa = PBXTargetDependency;
			target = 0ED3BEF62514E8A400545120 /* WorldTraveler */;
			targetProxy = 0ED3BF092514E8AF00545120 /* PBXContainerItemProxy */;
		};
		0ED3BF152514E8AF00545120 /* PBXTargetDependency */ = {
			isa = PBXTargetDependency;
			target = 0ED3BEF62514E8A400545120 /* WorldTraveler */;
			targetProxy = 0ED3BF142514E8AF00545120 /* PBXContainerItemProxy */;
		};
/* End PBXTargetDependency section */

/* Begin PBXVariantGroup section */
		0ED3BF3A2515D81A00545120 /* Localizable.strings */ = {
			isa = PBXVariantGroup;
			children = (
				0ED3BF392515D81A00545120 /* en */,
				0ED3BF522515E26400545120 /* tr */,
			);
			name = Localizable.strings;
			sourceTree = "<group>";
		};
		0ED3BF502515E25A00545120 /* InfoPlist.strings */ = {
			isa = PBXVariantGroup;
			children = (
				0ED3BF4F2515E25A00545120 /* en */,
				0ED3BF512515E25B00545120 /* tr */,
			);
			name = InfoPlist.strings;
			sourceTree = "<group>";
		};
/* End PBXVariantGroup section */

/* Begin XCBuildConfiguration section */
		0ED3BF1A2514E8AF00545120 /* Debug */ = {
			isa = XCBuildConfiguration;
			buildSettings = {
				ALWAYS_SEARCH_USER_PATHS = NO;
				CLANG_ANALYZER_NONNULL = YES;
				CLANG_ANALYZER_NUMBER_OBJECT_CONVERSION = YES_AGGRESSIVE;
				CLANG_CXX_LANGUAGE_STANDARD = "gnu++14";
				CLANG_CXX_LIBRARY = "libc++";
				CLANG_ENABLE_MODULES = YES;
				CLANG_ENABLE_OBJC_ARC = YES;
				CLANG_ENABLE_OBJC_WEAK = YES;
				CLANG_WARN_BLOCK_CAPTURE_AUTORELEASING = YES;
				CLANG_WARN_BOOL_CONVERSION = YES;
				CLANG_WARN_COMMA = YES;
				CLANG_WARN_CONSTANT_CONVERSION = YES;
				CLANG_WARN_DEPRECATED_OBJC_IMPLEMENTATIONS = YES;
				CLANG_WARN_DIRECT_OBJC_ISA_USAGE = YES_ERROR;
				CLANG_WARN_DOCUMENTATION_COMMENTS = YES;
				CLANG_WARN_EMPTY_BODY = YES;
				CLANG_WARN_ENUM_CONVERSION = YES;
				CLANG_WARN_INFINITE_RECURSION = YES;
				CLANG_WARN_INT_CONVERSION = YES;
				CLANG_WARN_NON_LITERAL_NULL_CONVERSION = YES;
				CLANG_WARN_OBJC_IMPLICIT_RETAIN_SELF = YES;
				CLANG_WARN_OBJC_LITERAL_CONVERSION = YES;
				CLANG_WARN_OBJC_ROOT_CLASS = YES_ERROR;
				CLANG_WARN_QUOTED_INCLUDE_IN_FRAMEWORK_HEADER = YES;
				CLANG_WARN_RANGE_LOOP_ANALYSIS = YES;
				CLANG_WARN_STRICT_PROTOTYPES = YES;
				CLANG_WARN_SUSPICIOUS_MOVE = YES;
				CLANG_WARN_UNGUARDED_AVAILABILITY = YES_AGGRESSIVE;
				CLANG_WARN_UNREACHABLE_CODE = YES;
				CLANG_WARN__DUPLICATE_METHOD_MATCH = YES;
				COPY_PHASE_STRIP = NO;
				DEBUG_INFORMATION_FORMAT = dwarf;
				ENABLE_STRICT_OBJC_MSGSEND = YES;
				ENABLE_TESTABILITY = YES;
				GCC_C_LANGUAGE_STANDARD = gnu11;
				GCC_DYNAMIC_NO_PIC = NO;
				GCC_NO_COMMON_BLOCKS = YES;
				GCC_OPTIMIZATION_LEVEL = 0;
				GCC_PREPROCESSOR_DEFINITIONS = (
					"DEBUG=1",
					"$(inherited)",
				);
				GCC_WARN_64_TO_32_BIT_CONVERSION = YES;
				GCC_WARN_ABOUT_RETURN_TYPE = YES_ERROR;
				GCC_WARN_UNDECLARED_SELECTOR = YES;
				GCC_WARN_UNINITIALIZED_AUTOS = YES_AGGRESSIVE;
				GCC_WARN_UNUSED_FUNCTION = YES;
				GCC_WARN_UNUSED_VARIABLE = YES;
				IPHONEOS_DEPLOYMENT_TARGET = 14.0;
				MTL_ENABLE_DEBUG_INFO = INCLUDE_SOURCE;
				MTL_FAST_MATH = YES;
				ONLY_ACTIVE_ARCH = YES;
				SDKROOT = iphoneos;
				SWIFT_ACTIVE_COMPILATION_CONDITIONS = DEBUG;
				SWIFT_OPTIMIZATION_LEVEL = "-Onone";
			};
			name = Debug;
		};
		0ED3BF1B2514E8AF00545120 /* Release */ = {
			isa = XCBuildConfiguration;
			buildSettings = {
				ALWAYS_SEARCH_USER_PATHS = NO;
				CLANG_ANALYZER_NONNULL = YES;
				CLANG_ANALYZER_NUMBER_OBJECT_CONVERSION = YES_AGGRESSIVE;
				CLANG_CXX_LANGUAGE_STANDARD = "gnu++14";
				CLANG_CXX_LIBRARY = "libc++";
				CLANG_ENABLE_MODULES = YES;
				CLANG_ENABLE_OBJC_ARC = YES;
				CLANG_ENABLE_OBJC_WEAK = YES;
				CLANG_WARN_BLOCK_CAPTURE_AUTORELEASING = YES;
				CLANG_WARN_BOOL_CONVERSION = YES;
				CLANG_WARN_COMMA = YES;
				CLANG_WARN_CONSTANT_CONVERSION = YES;
				CLANG_WARN_DEPRECATED_OBJC_IMPLEMENTATIONS = YES;
				CLANG_WARN_DIRECT_OBJC_ISA_USAGE = YES_ERROR;
				CLANG_WARN_DOCUMENTATION_COMMENTS = YES;
				CLANG_WARN_EMPTY_BODY = YES;
				CLANG_WARN_ENUM_CONVERSION = YES;
				CLANG_WARN_INFINITE_RECURSION = YES;
				CLANG_WARN_INT_CONVERSION = YES;
				CLANG_WARN_NON_LITERAL_NULL_CONVERSION = YES;
				CLANG_WARN_OBJC_IMPLICIT_RETAIN_SELF = YES;
				CLANG_WARN_OBJC_LITERAL_CONVERSION = YES;
				CLANG_WARN_OBJC_ROOT_CLASS = YES_ERROR;
				CLANG_WARN_QUOTED_INCLUDE_IN_FRAMEWORK_HEADER = YES;
				CLANG_WARN_RANGE_LOOP_ANALYSIS = YES;
				CLANG_WARN_STRICT_PROTOTYPES = YES;
				CLANG_WARN_SUSPICIOUS_MOVE = YES;
				CLANG_WARN_UNGUARDED_AVAILABILITY = YES_AGGRESSIVE;
				CLANG_WARN_UNREACHABLE_CODE = YES;
				CLANG_WARN__DUPLICATE_METHOD_MATCH = YES;
				COPY_PHASE_STRIP = NO;
				DEBUG_INFORMATION_FORMAT = "dwarf-with-dsym";
				ENABLE_NS_ASSERTIONS = NO;
				ENABLE_STRICT_OBJC_MSGSEND = YES;
				GCC_C_LANGUAGE_STANDARD = gnu11;
				GCC_NO_COMMON_BLOCKS = YES;
				GCC_WARN_64_TO_32_BIT_CONVERSION = YES;
				GCC_WARN_ABOUT_RETURN_TYPE = YES_ERROR;
				GCC_WARN_UNDECLARED_SELECTOR = YES;
				GCC_WARN_UNINITIALIZED_AUTOS = YES_AGGRESSIVE;
				GCC_WARN_UNUSED_FUNCTION = YES;
				GCC_WARN_UNUSED_VARIABLE = YES;
				IPHONEOS_DEPLOYMENT_TARGET = 14.0;
				MTL_ENABLE_DEBUG_INFO = NO;
				MTL_FAST_MATH = YES;
				SDKROOT = iphoneos;
				SWIFT_COMPILATION_MODE = wholemodule;
				SWIFT_OPTIMIZATION_LEVEL = "-O";
				VALIDATE_PRODUCT = YES;
			};
			name = Release;
		};
		0ED3BF1D2514E8AF00545120 /* Debug */ = {
			isa = XCBuildConfiguration;
			buildSettings = {
				ASSETCATALOG_COMPILER_APPICON_NAME = AppIcon;
				ASSETCATALOG_COMPILER_GLOBAL_ACCENT_COLOR_NAME = AccentColor;
				CODE_SIGN_STYLE = Automatic;
				DEVELOPMENT_ASSET_PATHS = "\"WorldTraveler/Preview Content\"";
				ENABLE_PREVIEWS = YES;
				INFOPLIST_FILE = WorldTraveler/Info.plist;
				IPHONEOS_DEPLOYMENT_TARGET = 14.0;
				LD_RUNPATH_SEARCH_PATHS = (
					"$(inherited)",
					"@executable_path/Frameworks",
				);
				PRODUCT_BUNDLE_IDENTIFIER = com.hktech.WorldTraveler;
				PRODUCT_NAME = "$(TARGET_NAME)";
				SWIFT_VERSION = 5.0;
				TARGETED_DEVICE_FAMILY = "1,2";
			};
			name = Debug;
		};
		0ED3BF1E2514E8AF00545120 /* Release */ = {
			isa = XCBuildConfiguration;
			buildSettings = {
				ASSETCATALOG_COMPILER_APPICON_NAME = AppIcon;
				ASSETCATALOG_COMPILER_GLOBAL_ACCENT_COLOR_NAME = AccentColor;
				CODE_SIGN_STYLE = Automatic;
				DEVELOPMENT_ASSET_PATHS = "\"WorldTraveler/Preview Content\"";
				ENABLE_PREVIEWS = YES;
				INFOPLIST_FILE = WorldTraveler/Info.plist;
				IPHONEOS_DEPLOYMENT_TARGET = 14.0;
				LD_RUNPATH_SEARCH_PATHS = (
					"$(inherited)",
					"@executable_path/Frameworks",
				);
				PRODUCT_BUNDLE_IDENTIFIER = com.hktech.WorldTraveler;
				PRODUCT_NAME = "$(TARGET_NAME)";
				SWIFT_VERSION = 5.0;
				TARGETED_DEVICE_FAMILY = "1,2";
			};
			name = Release;
		};
		0ED3BF202514E8AF00545120 /* Debug */ = {
			isa = XCBuildConfiguration;
			buildSettings = {
				ALWAYS_EMBED_SWIFT_STANDARD_LIBRARIES = YES;
				BUNDLE_LOADER = "$(TEST_HOST)";
				CODE_SIGN_STYLE = Automatic;
				INFOPLIST_FILE = WorldTravelerTests/Info.plist;
				IPHONEOS_DEPLOYMENT_TARGET = 14.0;
				LD_RUNPATH_SEARCH_PATHS = (
					"$(inherited)",
					"@executable_path/Frameworks",
					"@loader_path/Frameworks",
				);
				PRODUCT_BUNDLE_IDENTIFIER = com.hktech.WorldTravelerTests;
				PRODUCT_NAME = "$(TARGET_NAME)";
				SWIFT_VERSION = 5.0;
				TARGETED_DEVICE_FAMILY = "1,2";
				TEST_HOST = "$(BUILT_PRODUCTS_DIR)/WorldTraveler.app/WorldTraveler";
			};
			name = Debug;
		};
		0ED3BF212514E8AF00545120 /* Release */ = {
			isa = XCBuildConfiguration;
			buildSettings = {
				ALWAYS_EMBED_SWIFT_STANDARD_LIBRARIES = YES;
				BUNDLE_LOADER = "$(TEST_HOST)";
				CODE_SIGN_STYLE = Automatic;
				INFOPLIST_FILE = WorldTravelerTests/Info.plist;
				IPHONEOS_DEPLOYMENT_TARGET = 14.0;
				LD_RUNPATH_SEARCH_PATHS = (
					"$(inherited)",
					"@executable_path/Frameworks",
					"@loader_path/Frameworks",
				);
				PRODUCT_BUNDLE_IDENTIFIER = com.hktech.WorldTravelerTests;
				PRODUCT_NAME = "$(TARGET_NAME)";
				SWIFT_VERSION = 5.0;
				TARGETED_DEVICE_FAMILY = "1,2";
				TEST_HOST = "$(BUILT_PRODUCTS_DIR)/WorldTraveler.app/WorldTraveler";
			};
			name = Release;
		};
		0ED3BF232514E8AF00545120 /* Debug */ = {
			isa = XCBuildConfiguration;
			buildSettings = {
				ALWAYS_EMBED_SWIFT_STANDARD_LIBRARIES = YES;
				CODE_SIGN_STYLE = Automatic;
				INFOPLIST_FILE = WorldTravelerUITests/Info.plist;
				LD_RUNPATH_SEARCH_PATHS = (
					"$(inherited)",
					"@executable_path/Frameworks",
					"@loader_path/Frameworks",
				);
				PRODUCT_BUNDLE_IDENTIFIER = com.hktech.WorldTravelerUITests;
				PRODUCT_NAME = "$(TARGET_NAME)";
				SWIFT_VERSION = 5.0;
				TARGETED_DEVICE_FAMILY = "1,2";
				TEST_TARGET_NAME = WorldTraveler;
			};
			name = Debug;
		};
		0ED3BF242514E8AF00545120 /* Release */ = {
			isa = XCBuildConfiguration;
			buildSettings = {
				ALWAYS_EMBED_SWIFT_STANDARD_LIBRARIES = YES;
				CODE_SIGN_STYLE = Automatic;
				INFOPLIST_FILE = WorldTravelerUITests/Info.plist;
				LD_RUNPATH_SEARCH_PATHS = (
					"$(inherited)",
					"@executable_path/Frameworks",
					"@loader_path/Frameworks",
				);
				PRODUCT_BUNDLE_IDENTIFIER = com.hktech.WorldTravelerUITests;
				PRODUCT_NAME = "$(TARGET_NAME)";
				SWIFT_VERSION = 5.0;
				TARGETED_DEVICE_FAMILY = "1,2";
				TEST_TARGET_NAME = WorldTraveler;
			};
			name = Release;
		};
/* End XCBuildConfiguration section */

/* Begin XCConfigurationList section */
		0ED3BEF22514E8A400545120 /* Build configuration list for PBXProject "WorldTraveler" */ = {
			isa = XCConfigurationList;
			buildConfigurations = (
				0ED3BF1A2514E8AF00545120 /* Debug */,
				0ED3BF1B2514E8AF00545120 /* Release */,
			);
			defaultConfigurationIsVisible = 0;
			defaultConfigurationName = Release;
		};
		0ED3BF1C2514E8AF00545120 /* Build configuration list for PBXNativeTarget "WorldTraveler" */ = {
			isa = XCConfigurationList;
			buildConfigurations = (
				0ED3BF1D2514E8AF00545120 /* Debug */,
				0ED3BF1E2514E8AF00545120 /* Release */,
			);
			defaultConfigurationIsVisible = 0;
			defaultConfigurationName = Release;
		};
		0ED3BF1F2514E8AF00545120 /* Build configuration list for PBXNativeTarget "WorldTravelerTests" */ = {
			isa = XCConfigurationList;
			buildConfigurations = (
				0ED3BF202514E8AF00545120 /* Debug */,
				0ED3BF212514E8AF00545120 /* Release */,
			);
			defaultConfigurationIsVisible = 0;
			defaultConfigurationName = Release;
		};
		0ED3BF222514E8AF00545120 /* Build configuration list for PBXNativeTarget "WorldTravelerUITests" */ = {
			isa = XCConfigurationList;
			buildConfigurations = (
				0ED3BF232514E8AF00545120 /* Debug */,
				0ED3BF242514E8AF00545120 /* Release */,
			);
			defaultConfigurationIsVisible = 0;
			defaultConfigurationName = Release;
		};
/* End XCConfigurationList section */
	};
	rootObject = 0ED3BEEF2514E8A400545120 /* Project object */;
}
